
Microsoft Visual Studio Solution File, Format Version 12.00
# Visual Studio Version 17
VisualStudioVersion = 17.9.34607.119
MinimumVisualStudioVersion = 10.0.40219.1
Project("{9A19103F-16F7-4668-BE54-9A1E7A4F7556}") = "Api", "Api\Api.csproj", "{E468ED7E-28EB-494E-938A-06DF3E7F963D}"
EndProject
Project("{9A19103F-16F7-4668-BE54-9A1E7A4F7556}") = "Domain", "Domain\Domain.csproj", "{E8D1518A-6862-4EFF-BBEC-9F9BFA0AD257}"
EndProject
Project("{9A19103F-16F7-4668-BE54-9A1E7A4F7556}") = "Application", "Application\Application.csproj", "{ED5B48FD-7576-4B84-939C-D14C097A3B45}"
EndProject
Project("{9A19103F-16F7-4668-BE54-9A1E7A4F7556}") = "Infrastructure", "Infrastructure\Infrastructure.csproj", "{360556F0-1782-4621-9D33-DA0843B50FCC}"
EndProject
Global
	GlobalSection(SolutionConfigurationPlatforms) = preSolution
		Debug|Any CPU = Debug|Any CPU
		Release|Any CPU = Release|Any CPU
	EndGlobalSection
	GlobalSection(ProjectConfigurationPlatforms) = postSolution
		{E468ED7E-28EB-494E-938A-06DF3E7F963D}.Debug|Any CPU.ActiveCfg = Debug|Any CPU
		{E468ED7E-28EB-494E-938A-06DF3E7F963D}.Debug|Any CPU.Build.0 = Debug|Any CPU
		{E468ED7E-28EB-494E-938A-06DF3E7F963D}.Release|Any CPU.ActiveCfg = Release|Any CPU
		{E468ED7E-28EB-494E-938A-06DF3E7F963D}.Release|Any CPU.Build.0 = Release|Any CPU
		{E8D1518A-6862-4EFF-BBEC-9F9BFA0AD257}.Debug|Any CPU.ActiveCfg = Debug|Any CPU
		{E8D1518A-6862-4EFF-BBEC-9F9BFA0AD257}.Debug|Any CPU.Build.0 = Debug|Any CPU
		{E8D1518A-6862-4EFF-BBEC-9F9BFA0AD257}.Release|Any CPU.ActiveCfg = Release|Any CPU
		{E8D1518A-6862-4EFF-BBEC-9F9BFA0AD257}.Release|Any CPU.Build.0 = Release|Any CPU
		{ED5B48FD-7576-4B84-939C-D14C097A3B45}.Debug|Any CPU.ActiveCfg = Debug|Any CPU
		{ED5B48FD-7576-4B84-939C-D14C097A3B45}.Debug|Any CPU.Build.0 = Debug|Any CPU
		{ED5B48FD-7576-4B84-939C-D14C097A3B45}.Release|Any CPU.ActiveCfg = Release|Any CPU
		{ED5B48FD-7576-4B84-939C-D14C097A3B45}.Release|Any CPU.Build.0 = Release|Any CPU
		{360556F0-1782-4621-9D33-DA0843B50FCC}.Debug|Any CPU.ActiveCfg = Debug|Any CPU
		{360556F0-1782-4621-9D33-DA0843B50FCC}.Debug|Any CPU.Build.0 = Debug|Any CPU
		{360556F0-1782-4621-9D33-DA0843B50FCC}.Release|Any CPU.ActiveCfg = Release|Any CPU
		{360556F0-1782-4621-9D33-DA0843B50FCC}.Release|Any CPU.Build.0 = Release|Any CPU
	EndGlobalSection
	GlobalSection(SolutionProperties) = preSolution
		HideSolutionNode = FALSE
	EndGlobalSection
	GlobalSection(ExtensibilityGlobals) = postSolution
		SolutionGuid = {69B98B7C-3DA0-49BA-B38F-A0EE0916FE13}
	EndGlobalSection
EndGlobal
